
Microsoft Visual Studio Solution File, Format Version 12.00
# Visual Studio Version 17
VisualStudioVersion = 17.14.36908.2
MinimumVisualStudioVersion = 10.0.40219.1
Project("{FAE04EC0-301F-11D3-BF4B-00C04F79EFBC}") = "Agriloco1", "Agriloco1.csproj", "{1DB62B47-8A4F-4435-AE03-8EA1366E29B9}"
EndProject
Global
	GlobalSection(SolutionConfigurationPlatforms) = preSolution
		Debug|Any CPU = Debug|Any CPU
		Release|Any CPU = Release|Any CPU
	EndGlobalSection
	GlobalSection(ProjectConfigurationPlatforms) = postSolution
		{1DB62B47-8A4F-4435-AE03-8EA1366E29B9}.Debug|Any CPU.ActiveCfg = Debug|Any CPU
		{1DB62B47-8A4F-4435-AE03-8EA1366E29B9}.Debug|Any CPU.Build.0 = Debug|Any CPU
		{1DB62B47-8A4F-4435-AE03-8EA1366E29B9}.Release|Any CPU.ActiveCfg = Release|Any CPU
		{1DB62B47-8A4F-4435-AE03-8EA1366E29B9}.Release|Any CPU.Build.0 = Release|Any CPU
	EndGlobalSection
	GlobalSection(SolutionProperties) = preSolution
		HideSolutionNode = FALSE
	EndGlobalSection
	GlobalSection(ExtensibilityGlobals) = postSolution
		SolutionGuid = {1B71CBC0-FAF9-45FC-B493-4A5E6419013A}
	EndGlobalSection
EndGlobal
